Microsoft Visual Studio Solution File, Format Version 11.00
# Visual Studio 2008

Project("{635747E9-487F-8972-B8AF-15A37FDF8867}") = "p002-client", "Assembly-CSharp-vs.csproj", "{9A032D5A-6064-E03A-A5B3-12364AC73699}"
EndProject
Project("{635747E9-487F-8972-B8AF-15A37FDF8867}") = "p002-client", "Assembly-CSharp-Editor-vs.csproj", "{65A37754-8F47-25F5-6D30-B64ADAA06A48}"
EndProject
Global
	GlobalSection(SolutionConfigurationPlatforms) = preSolution
		Debug|Any CPU = Debug|Any CPU
		Release|Any CPU = Release|Any CPU
	EndGlobalSection
	GlobalSection(ProjectConfigurationPlatforms) = postSolution
		{9A032D5A-6064-E03A-A5B3-12364AC73699}.Debug|Any CPU.ActiveCfg = Debug|Any CPU
		{9A032D5A-6064-E03A-A5B3-12364AC73699}.Debug|Any CPU.Build.0 = Debug|Any CPU
		{9A032D5A-6064-E03A-A5B3-12364AC73699}.Release|Any CPU.ActiveCfg = Release|Any CPU
		{9A032D5A-6064-E03A-A5B3-12364AC73699}.Release|Any CPU.Build.0 = Release|Any CPU
		{65A37754-8F47-25F5-6D30-B64ADAA06A48}.Debug|Any CPU.ActiveCfg = Debug|Any CPU
		{65A37754-8F47-25F5-6D30-B64ADAA06A48}.Debug|Any CPU.Build.0 = Debug|Any CPU
		{65A37754-8F47-25F5-6D30-B64ADAA06A48}.Release|Any CPU.ActiveCfg = Release|Any CPU
		{65A37754-8F47-25F5-6D30-B64ADAA06A48}.Release|Any CPU.Build.0 = Release|Any CPU
	EndGlobalSection
	GlobalSection(SolutionProperties) = preSolution
		HideSolutionNode = FALSE
	EndGlobalSection
																	GlobalSection(MonoDevelopProperties) = preSolution
		StartupItem = Assembly-CSharp.csproj
		Policies = $0
		$0.TextStylePolicy = $1
		$1.inheritsSet = null
		$1.scope = text/x-csharp
		$0.CSharpFormattingPolicy = $2
		$2.inheritsSet = Mono
		$2.inheritsScope = text/x-csharp
		$2.scope = text/x-csharp
		$0.TextStylePolicy = $3
		$3.FileWidth = 120
		$3.TabWidth = 4
		$3.EolMarker = Unix
		$3.inheritsSet = Mono
		$3.inheritsScope = text/plain
		$3.scope = text/plain
	EndGlobalSection

EndGlobal
